
Microsoft Visual Studio Solution File, Format Version 12.00
# Visual Studio Version 17
VisualStudioVersion = 17.9.34701.34
MinimumVisualStudioVersion = 10.0.40219.1
Project("{FAE04EC0-301F-11D3-BF4B-00C04F79EFBC}") = "PlacasMercosul6", "PlacasMercosul6\PlacasMercosul6.csproj", "{DF6CE0D7-3951-46DA-BD04-2AA7FAD2FDE3}"
EndProject
Global
	GlobalSection(SolutionConfigurationPlatforms) = preSolution
		Debug|Any CPU = Debug|Any CPU
		Release|Any CPU = Release|Any CPU
	EndGlobalSection
	GlobalSection(ProjectConfigurationPlatforms) = postSolution
		{DF6CE0D7-3951-46DA-BD04-2AA7FAD2FDE3}.Debug|Any CPU.ActiveCfg = Debug|Any CPU
		{DF6CE0D7-3951-46DA-BD04-2AA7FAD2FDE3}.Debug|Any CPU.Build.0 = Debug|Any CPU
		{DF6CE0D7-3951-46DA-BD04-2AA7FAD2FDE3}.Release|Any CPU.ActiveCfg = Release|Any CPU
		{DF6CE0D7-3951-46DA-BD04-2AA7FAD2FDE3}.Release|Any CPU.Build.0 = Release|Any CPU
	EndGlobalSection
	GlobalSection(SolutionProperties) = preSolution
		HideSolutionNode = FALSE
	EndGlobalSection
	GlobalSection(ExtensibilityGlobals) = postSolution
		SolutionGuid = {89FEEA9E-C20D-44DB-9BDD-D9DD4BCFA181}
	EndGlobalSection
EndGlobal
